
Microsoft Visual Studio Solution File, Format Version 12.00
# Visual Studio 2013
VisualStudioVersion = 12.0.31101.0
MinimumVisualStudioVersion = 10.0.40219.1
Project("{FAE04EC0-301F-11D3-BF4B-00C04F79EFBC}") = "MainApp", "AirportInformation\MainApp.csproj", "{4980F6CD-C9BA-47D8-AAFB-DBA9E94F1D12}"
	ProjectSection(ProjectDependencies) = postProject
		{9842B4C3-DC73-4F89-A00E-1F78123D79E9} = {9842B4C3-DC73-4F89-A00E-1F78123D79E9}
	EndProjectSection
EndProject
Project("{FAE04EC0-301F-11D3-BF4B-00C04F79EFBC}") = "AixmDatabase", "AixmDatabase\AixmDatabase.csproj", "{127140B5-B81F-4C8A-B845-118C9EE8FC44}"
EndProject
Project("{FAE04EC0-301F-11D3-BF4B-00C04F79EFBC}") = "AixmParser", "AixmParser\AixmParser.csproj", "{383DB037-4343-4655-A37C-478FAB0A2A71}"
EndProject
Project("{FAE04EC0-301F-11D3-BF4B-00C04F79EFBC}") = "Tasks", "Tasks\Tasks.csproj", "{9842B4C3-DC73-4F89-A00E-1F78123D79E9}"
EndProject
Project("{FAE04EC0-301F-11D3-BF4B-00C04F79EFBC}") = "ConvertMetarStationTextFile", "ConvertMetarStationTextFile\ConvertMetarStationTextFile.csproj", "{B61B6879-38AA-4CB8-A2C1-39CE4C8E3865}"
EndProject
Global
	GlobalSection(SolutionConfigurationPlatforms) = preSolution
		CoreOnly|Any CPU = CoreOnly|Any CPU
		CoreOnly|ARM = CoreOnly|ARM
		CoreOnly|x86 = CoreOnly|x86
		Debug|Any CPU = Debug|Any CPU
		Debug|ARM = Debug|ARM
		Debug|x86 = Debug|x86
		Release|Any CPU = Release|Any CPU
		Release|ARM = Release|ARM
		Release|x86 = Release|x86
	EndGlobalSection
	GlobalSection(ProjectConfigurationPlatforms) = postSolution
		{4980F6CD-C9BA-47D8-AAFB-DBA9E94F1D12}.CoreOnly|Any CPU.ActiveCfg = Release|Any CPU
		{4980F6CD-C9BA-47D8-AAFB-DBA9E94F1D12}.CoreOnly|Any CPU.Build.0 = Release|Any CPU
		{4980F6CD-C9BA-47D8-AAFB-DBA9E94F1D12}.CoreOnly|Any CPU.Deploy.0 = Release|Any CPU
		{4980F6CD-C9BA-47D8-AAFB-DBA9E94F1D12}.CoreOnly|ARM.ActiveCfg = Release|ARM
		{4980F6CD-C9BA-47D8-AAFB-DBA9E94F1D12}.CoreOnly|ARM.Build.0 = Release|ARM
		{4980F6CD-C9BA-47D8-AAFB-DBA9E94F1D12}.CoreOnly|ARM.Deploy.0 = Release|ARM
		{4980F6CD-C9BA-47D8-AAFB-DBA9E94F1D12}.CoreOnly|x86.ActiveCfg = Release|x86
		{4980F6CD-C9BA-47D8-AAFB-DBA9E94F1D12}.CoreOnly|x86.Build.0 = Release|x86
		{4980F6CD-C9BA-47D8-AAFB-DBA9E94F1D12}.CoreOnly|x86.Deploy.0 = Release|x86
		{4980F6CD-C9BA-47D8-AAFB-DBA9E94F1D12}.Debug|Any CPU.ActiveCfg = Debug|Any CPU
		{4980F6CD-C9BA-47D8-AAFB-DBA9E94F1D12}.Debug|Any CPU.Build.0 = Debug|Any CPU
		{4980F6CD-C9BA-47D8-AAFB-DBA9E94F1D12}.Debug|Any CPU.Deploy.0 = Debug|Any CPU
		{4980F6CD-C9BA-47D8-AAFB-DBA9E94F1D12}.Debug|ARM.ActiveCfg = Debug|ARM
		{4980F6CD-C9BA-47D8-AAFB-DBA9E94F1D12}.Debug|ARM.Build.0 = Debug|ARM
		{4980F6CD-C9BA-47D8-AAFB-DBA9E94F1D12}.Debug|ARM.Deploy.0 = Debug|ARM
		{4980F6CD-C9BA-47D8-AAFB-DBA9E94F1D12}.Debug|x86.ActiveCfg = Debug|x86
		{4980F6CD-C9BA-47D8-AAFB-DBA9E94F1D12}.Debug|x86.Build.0 = Debug|x86
		{4980F6CD-C9BA-47D8-AAFB-DBA9E94F1D12}.Debug|x86.Deploy.0 = Debug|x86
		{4980F6CD-C9BA-47D8-AAFB-DBA9E94F1D12}.Release|Any CPU.ActiveCfg = Release|Any CPU
		{4980F6CD-C9BA-47D8-AAFB-DBA9E94F1D12}.Release|Any CPU.Build.0 = Release|Any CPU
		{4980F6CD-C9BA-47D8-AAFB-DBA9E94F1D12}.Release|Any CPU.Deploy.0 = Release|Any CPU
		{4980F6CD-C9BA-47D8-AAFB-DBA9E94F1D12}.Release|ARM.ActiveCfg = Release|ARM
		{4980F6CD-C9BA-47D8-AAFB-DBA9E94F1D12}.Release|ARM.Build.0 = Release|ARM
		{4980F6CD-C9BA-47D8-AAFB-DBA9E94F1D12}.Release|ARM.Deploy.0 = Release|ARM
		{4980F6CD-C9BA-47D8-AAFB-DBA9E94F1D12}.Release|x86.ActiveCfg = Release|x86
		{4980F6CD-C9BA-47D8-AAFB-DBA9E94F1D12}.Release|x86.Build.0 = Release|x86
		{4980F6CD-C9BA-47D8-AAFB-DBA9E94F1D12}.Release|x86.Deploy.0 = Release|x86
		{127140B5-B81F-4C8A-B845-118C9EE8FC44}.CoreOnly|Any CPU.ActiveCfg = Release|Any CPU
		{127140B5-B81F-4C8A-B845-118C9EE8FC44}.CoreOnly|Any CPU.Build.0 = Release|Any CPU
		{127140B5-B81F-4C8A-B845-118C9EE8FC44}.CoreOnly|ARM.ActiveCfg = Release|ARM
		{127140B5-B81F-4C8A-B845-118C9EE8FC44}.CoreOnly|ARM.Build.0 = Release|ARM
		{127140B5-B81F-4C8A-B845-118C9EE8FC44}.CoreOnly|x86.ActiveCfg = Release|x86
		{127140B5-B81F-4C8A-B845-118C9EE8FC44}.CoreOnly|x86.Build.0 = Release|x86
		{127140B5-B81F-4C8A-B845-118C9EE8FC44}.Debug|Any CPU.ActiveCfg = Debug|Any CPU
		{127140B5-B81F-4C8A-B845-118C9EE8FC44}.Debug|Any CPU.Build.0 = Debug|Any CPU
		{127140B5-B81F-4C8A-B845-118C9EE8FC44}.Debug|ARM.ActiveCfg = Release|ARM
		{127140B5-B81F-4C8A-B845-118C9EE8FC44}.Debug|ARM.Build.0 = Release|ARM
		{127140B5-B81F-4C8A-B845-118C9EE8FC44}.Debug|x86.ActiveCfg = Debug|x86
		{127140B5-B81F-4C8A-B845-118C9EE8FC44}.Debug|x86.Build.0 = Debug|x86
		{127140B5-B81F-4C8A-B845-118C9EE8FC44}.Release|Any CPU.ActiveCfg = Release|Any CPU
		{127140B5-B81F-4C8A-B845-118C9EE8FC44}.Release|Any CPU.Build.0 = Release|Any CPU
		{127140B5-B81F-4C8A-B845-118C9EE8FC44}.Release|ARM.ActiveCfg = Release|ARM
		{127140B5-B81F-4C8A-B845-118C9EE8FC44}.Release|ARM.Build.0 = Release|ARM
		{127140B5-B81F-4C8A-B845-118C9EE8FC44}.Release|x86.ActiveCfg = Release|x86
		{127140B5-B81F-4C8A-B845-118C9EE8FC44}.Release|x86.Build.0 = Release|x86
		{383DB037-4343-4655-A37C-478FAB0A2A71}.CoreOnly|Any CPU.ActiveCfg = Release|Any CPU
		{383DB037-4343-4655-A37C-478FAB0A2A71}.CoreOnly|Any CPU.Build.0 = Release|Any CPU
		{383DB037-4343-4655-A37C-478FAB0A2A71}.CoreOnly|ARM.ActiveCfg = Release|Any CPU
		{383DB037-4343-4655-A37C-478FAB0A2A71}.CoreOnly|x86.ActiveCfg = Release|Any CPU
		{383DB037-4343-4655-A37C-478FAB0A2A71}.Debug|Any CPU.ActiveCfg = Debug|Any CPU
		{383DB037-4343-4655-A37C-478FAB0A2A71}.Debug|Any CPU.Build.0 = Debug|Any CPU
		{383DB037-4343-4655-A37C-478FAB0A2A71}.Debug|ARM.ActiveCfg = Debug|Any CPU
		{383DB037-4343-4655-A37C-478FAB0A2A71}.Debug|x86.ActiveCfg = Debug|Any CPU
		{383DB037-4343-4655-A37C-478FAB0A2A71}.Release|Any CPU.ActiveCfg = Release|Any CPU
		{383DB037-4343-4655-A37C-478FAB0A2A71}.Release|Any CPU.Build.0 = Release|Any CPU
		{383DB037-4343-4655-A37C-478FAB0A2A71}.Release|ARM.ActiveCfg = Release|Any CPU
		{383DB037-4343-4655-A37C-478FAB0A2A71}.Release|x86.ActiveCfg = Release|Any CPU
		{9842B4C3-DC73-4F89-A00E-1F78123D79E9}.CoreOnly|Any CPU.ActiveCfg = Release|Any CPU
		{9842B4C3-DC73-4F89-A00E-1F78123D79E9}.CoreOnly|Any CPU.Build.0 = Release|Any CPU
		{9842B4C3-DC73-4F89-A00E-1F78123D79E9}.CoreOnly|ARM.ActiveCfg = Release|ARM
		{9842B4C3-DC73-4F89-A00E-1F78123D79E9}.CoreOnly|ARM.Build.0 = Release|ARM
		{9842B4C3-DC73-4F89-A00E-1F78123D79E9}.CoreOnly|x86.ActiveCfg = Release|x86
		{9842B4C3-DC73-4F89-A00E-1F78123D79E9}.CoreOnly|x86.Build.0 = Release|x86
		{9842B4C3-DC73-4F89-A00E-1F78123D79E9}.Debug|Any CPU.ActiveCfg = Debug|Any CPU
		{9842B4C3-DC73-4F89-A00E-1F78123D79E9}.Debug|Any CPU.Build.0 = Debug|Any CPU
		{9842B4C3-DC73-4F89-A00E-1F78123D79E9}.Debug|ARM.ActiveCfg = Debug|ARM
		{9842B4C3-DC73-4F89-A00E-1F78123D79E9}.Debug|ARM.Build.0 = Debug|ARM
		{9842B4C3-DC73-4F89-A00E-1F78123D79E9}.Debug|x86.ActiveCfg = Debug|x86
		{9842B4C3-DC73-4F89-A00E-1F78123D79E9}.Debug|x86.Build.0 = Debug|x86
		{9842B4C3-DC73-4F89-A00E-1F78123D79E9}.Release|Any CPU.ActiveCfg = Release|Any CPU
		{9842B4C3-DC73-4F89-A00E-1F78123D79E9}.Release|Any CPU.Build.0 = Release|Any CPU
		{9842B4C3-DC73-4F89-A00E-1F78123D79E9}.Release|ARM.ActiveCfg = Release|ARM
		{9842B4C3-DC73-4F89-A00E-1F78123D79E9}.Release|ARM.Build.0 = Release|ARM
		{9842B4C3-DC73-4F89-A00E-1F78123D79E9}.Release|x86.ActiveCfg = Release|x86
		{9842B4C3-DC73-4F89-A00E-1F78123D79E9}.Release|x86.Build.0 = Release|x86
		{B61B6879-38AA-4CB8-A2C1-39CE4C8E3865}.CoreOnly|Any CPU.ActiveCfg = Release|Any CPU
		{B61B6879-38AA-4CB8-A2C1-39CE4C8E3865}.CoreOnly|Any CPU.Build.0 = Release|Any CPU
		{B61B6879-38AA-4CB8-A2C1-39CE4C8E3865}.CoreOnly|ARM.ActiveCfg = Release|Any CPU
		{B61B6879-38AA-4CB8-A2C1-39CE4C8E3865}.CoreOnly|x86.ActiveCfg = Release|Any CPU
		{B61B6879-38AA-4CB8-A2C1-39CE4C8E3865}.Debug|Any CPU.ActiveCfg = Debug|Any CPU
		{B61B6879-38AA-4CB8-A2C1-39CE4C8E3865}.Debug|Any CPU.Build.0 = Debug|Any CPU
		{B61B6879-38AA-4CB8-A2C1-39CE4C8E3865}.Debug|ARM.ActiveCfg = Debug|Any CPU
		{B61B6879-38AA-4CB8-A2C1-39CE4C8E3865}.Debug|x86.ActiveCfg = Debug|Any CPU
		{B61B6879-38AA-4CB8-A2C1-39CE4C8E3865}.Release|Any CPU.ActiveCfg = Release|Any CPU
		{B61B6879-38AA-4CB8-A2C1-39CE4C8E3865}.Release|Any CPU.Build.0 = Release|Any CPU
		{B61B6879-38AA-4CB8-A2C1-39CE4C8E3865}.Release|ARM.ActiveCfg = Release|Any CPU
		{B61B6879-38AA-4CB8-A2C1-39CE4C8E3865}.Release|x86.ActiveCfg = Release|Any CPU
	EndGlobalSection
	GlobalSection(SolutionProperties) = preSolution
		HideSolutionNode = FALSE
	EndGlobalSection
EndGlobal
